
Microsoft Visual Studio Solution File, Format Version 12.00
# Visual Studio 2013
VisualStudioVersion = 12.0.31101.0
MinimumVisualStudioVersion = 10.0.40219.1
Project("{FAE04EC0-301F-11D3-BF4B-00C04F79EFBC}") = "Grafdatabasen", "Grafdatabasen\Grafdatabasen.csproj", "{FA569EF9-AF87-40D9-B2F9-23943A99537F}"
EndProject
Project("{FAE04EC0-301F-11D3-BF4B-00C04F79EFBC}") = "Grafdatabasen.Tests", "Grafdatabasen.Tests\Grafdatabasen.Tests.csproj", "{759264F9-08C6-4D45-8B4B-A2F3E9CD7324}"
EndProject
Global
	GlobalSection(SolutionConfigurationPlatforms) = preSolution
		Debug|Any CPU = Debug|Any CPU
		Release|Any CPU = Release|Any CPU
	EndGlobalSection
	GlobalSection(ProjectConfigurationPlatforms) = postSolution
		{FA569EF9-AF87-40D9-B2F9-23943A99537F}.Debug|Any CPU.ActiveCfg = Debug|Any CPU
		{FA569EF9-AF87-40D9-B2F9-23943A99537F}.Debug|Any CPU.Build.0 = Debug|Any CPU
		{FA569EF9-AF87-40D9-B2F9-23943A99537F}.Release|Any CPU.ActiveCfg = Release|Any CPU
		{FA569EF9-AF87-40D9-B2F9-23943A99537F}.Release|Any CPU.Build.0 = Release|Any CPU
		{759264F9-08C6-4D45-8B4B-A2F3E9CD7324}.Debug|Any CPU.ActiveCfg = Debug|Any CPU
		{759264F9-08C6-4D45-8B4B-A2F3E9CD7324}.Debug|Any CPU.Build.0 = Debug|Any CPU
		{759264F9-08C6-4D45-8B4B-A2F3E9CD7324}.Release|Any CPU.ActiveCfg = Release|Any CPU
		{759264F9-08C6-4D45-8B4B-A2F3E9CD7324}.Release|Any CPU.Build.0 = Release|Any CPU
	EndGlobalSection
	GlobalSection(SolutionProperties) = preSolution
		HideSolutionNode = FALSE
	EndGlobalSection
EndGlobal
